{
  "name": "assignment2",
  "lockfileVersion": 3,
  "requires": true,
  "packages": {
    "": {
      "dependencies": {
        "html-beautify": "^1.0.4"
      }
    },
    "node_modules/html-beautify": {
      "version": "1.0.4",
      "resolved": "https://registry.npmjs.org/html-beautify/-/html-beautify-1.0.4.tgz",
      "integrity": "sha512-IssqMH0VBjJCWjsXi6Q33/Yup0+4q9lmge+mdw3+KtaT9Vyg0m+pHYP3VyZq0BFt3rLMjiTIUUiCkKeoZ2Yosw==",
      "deprecated": "Doesn't work right"
    }
  }
}
